PODS:
  - ARChromeActivity (1.0.6)
  - TUSafariActivity (1.0.4)

DEPENDENCIES:
  - ARChromeActivity (~> 1.0.4)
  - TUSafariActivity (~> 1.0.4)

SPEC CHECKSUMS:
  ARChromeActivity: 5dcf9b9f09323761f992aff3525cdd777f83609d
  TUSafariActivity: afc55a00965377939107ce4fdc7f951f62454546

PODFILE CHECKSUM: bdc9da0d3f5548384638375cc975e23aeeb72dbc

COCOAPODS: 1.1.1
